
Microsoft Visual Studio Solution File, Format Version 12.00
# Visual Studio 15
VisualStudioVersion = 15.0.27004.2006
MinimumVisualStudioVersion = 10.0.40219.1
Project("{FAE04EC0-301F-11D3-BF4B-00C04F79EFBC}") = "JKMWindowsService", "JKMWindowsService\JKMWindowsService.csproj", "{481D1D8D-9837-40A5-A15C-E3800173C2FD}"
EndProject
Project("{FAE04EC0-301F-11D3-BF4B-00C04F79EFBC}") = "JKMWindowsService.UnitTest", "JKMWindowsService.UnitTest\JKMWindowsService.UnitTest.csproj", "{C386B7D1-C542-4F88-A4E0-A88055A239D7}"
EndProject
Global
	GlobalSection(SolutionConfigurationPlatforms) = preSolution
		Debug|Any CPU = Debug|Any CPU
		Release|Any CPU = Release|Any CPU
	EndGlobalSection
	GlobalSection(ProjectConfigurationPlatforms) = postSolution
		{481D1D8D-9837-40A5-A15C-E3800173C2FD}.Debug|Any CPU.ActiveCfg = Debug|Any CPU
		{481D1D8D-9837-40A5-A15C-E3800173C2FD}.Debug|Any CPU.Build.0 = Debug|Any CPU
		{481D1D8D-9837-40A5-A15C-E3800173C2FD}.Release|Any CPU.ActiveCfg = Release|Any CPU
		{481D1D8D-9837-40A5-A15C-E3800173C2FD}.Release|Any CPU.Build.0 = Release|Any CPU
		{C386B7D1-C542-4F88-A4E0-A88055A239D7}.Debug|Any CPU.ActiveCfg = Debug|Any CPU
		{C386B7D1-C542-4F88-A4E0-A88055A239D7}.Debug|Any CPU.Build.0 = Debug|Any CPU
		{C386B7D1-C542-4F88-A4E0-A88055A239D7}.Release|Any CPU.ActiveCfg = Release|Any CPU
		{C386B7D1-C542-4F88-A4E0-A88055A239D7}.Release|Any CPU.Build.0 = Release|Any CPU
	EndGlobalSection
	GlobalSection(SolutionProperties) = preSolution
		HideSolutionNode = FALSE
	EndGlobalSection
	GlobalSection(ExtensibilityGlobals) = postSolution
		SolutionGuid = {B6FC8064-E44D-41CB-BBCE-815B4AA96575}
	EndGlobalSection
EndGlobal
